
Microsoft Visual Studio Solution File, Format Version 12.00
# Visual Studio Version 17
VisualStudioVersion = 17.14.36127.28 d17.14
MinimumVisualStudioVersion = 10.0.40219.1
Project("{FAE04EC0-301F-11D3-BF4B-00C04F79EFBC}") = "FinalProject", "FinalProject\FinalProject.csproj", "{98843FC7-D92D-4D63-8C71-73AABFCE45FA}"
EndProject
Project("{FAE04EC0-301F-11D3-BF4B-00C04F79EFBC}") = "DAL", "DAL\DAL.csproj", "{699277B9-2A73-486D-8A97-3B7CA824E22C}"
EndProject
Project("{FAE04EC0-301F-11D3-BF4B-00C04F79EFBC}") = "Services", "Services\Services.csproj", "{56CC28CA-28FD-40C4-8694-9D71A7C82F6A}"
EndProject
Global
	GlobalSection(SolutionConfigurationPlatforms) = preSolution
		Debug|Any CPU = Debug|Any CPU
		Release|Any CPU = Release|Any CPU
	EndGlobalSection
	GlobalSection(ProjectConfigurationPlatforms) = postSolution
		{98843FC7-D92D-4D63-8C71-73AABFCE45FA}.Debug|Any CPU.ActiveCfg = Debug|Any CPU
		{98843FC7-D92D-4D63-8C71-73AABFCE45FA}.Debug|Any CPU.Build.0 = Debug|Any CPU
		{98843FC7-D92D-4D63-8C71-73AABFCE45FA}.Release|Any CPU.ActiveCfg = Release|Any CPU
		{98843FC7-D92D-4D63-8C71-73AABFCE45FA}.Release|Any CPU.Build.0 = Release|Any CPU
		{699277B9-2A73-486D-8A97-3B7CA824E22C}.Debug|Any CPU.ActiveCfg = Debug|Any CPU
		{699277B9-2A73-486D-8A97-3B7CA824E22C}.Debug|Any CPU.Build.0 = Debug|Any CPU
		{699277B9-2A73-486D-8A97-3B7CA824E22C}.Release|Any CPU.ActiveCfg = Release|Any CPU
		{699277B9-2A73-486D-8A97-3B7CA824E22C}.Release|Any CPU.Build.0 = Release|Any CPU
		{56CC28CA-28FD-40C4-8694-9D71A7C82F6A}.Debug|Any CPU.ActiveCfg = Debug|Any CPU
		{56CC28CA-28FD-40C4-8694-9D71A7C82F6A}.Debug|Any CPU.Build.0 = Debug|Any CPU
		{56CC28CA-28FD-40C4-8694-9D71A7C82F6A}.Release|Any CPU.ActiveCfg = Release|Any CPU
		{56CC28CA-28FD-40C4-8694-9D71A7C82F6A}.Release|Any CPU.Build.0 = Release|Any CPU
	EndGlobalSection
	GlobalSection(SolutionProperties) = preSolution
		HideSolutionNode = FALSE
	EndGlobalSection
	GlobalSection(ExtensibilityGlobals) = postSolution
		SolutionGuid = {002CB0F2-5D0A-47DC-B9F8-84A15EE1A3A8}
	EndGlobalSection
EndGlobal
